
Microsoft Visual Studio Solution File, Format Version 12.00
# Visual Studio Version 17
VisualStudioVersion = 17.11.35222.181
MinimumVisualStudioVersion = 10.0.40219.1
Project("{FAE04EC0-301F-11D3-BF4B-00C04F79EFBC}") = "HotelBookingAPI", "HotelBookingAPI\HotelBookingAPI.csproj", "{60C78EB1-2FA7-43BA-B3AC-29382677463C}"
EndProject
Global
	GlobalSection(SolutionConfigurationPlatforms) = preSolution
		Debug|Any CPU = Debug|Any CPU
		Release|Any CPU = Release|Any CPU
	EndGlobalSection
	GlobalSection(ProjectConfigurationPlatforms) = postSolution
		{60C78EB1-2FA7-43BA-B3AC-29382677463C}.Debug|Any CPU.ActiveCfg = Debug|Any CPU
		{60C78EB1-2FA7-43BA-B3AC-29382677463C}.Debug|Any CPU.Build.0 = Debug|Any CPU
		{60C78EB1-2FA7-43BA-B3AC-29382677463C}.Release|Any CPU.ActiveCfg = Release|Any CPU
		{60C78EB1-2FA7-43BA-B3AC-29382677463C}.Release|Any CPU.Build.0 = Release|Any CPU
	EndGlobalSection
	GlobalSection(SolutionProperties) = preSolution
		HideSolutionNode = FALSE
	EndGlobalSection
	GlobalSection(ExtensibilityGlobals) = postSolution
		SolutionGuid = {1581DD40-BDAF-4082-B85A-A87CABB2933A}
	EndGlobalSection
EndGlobal
